{
  "lockfileVersion": 1,
  "workspaces": {
    "": {
      "name": "kvalita",
      "peerDependencies": {
        "@biomejs/biome": "^2.0.0-beta.1",
        "lefthook": "^1.11.6",
        "typescript": "^5.8.2",
      },
    },
  },
  "packages": {
    "@biomejs/biome": ["@biomejs/biome@2.0.0-beta.1", "", { "optionalDependencies": { "@biomejs/cli-darwin-arm64": "2.0.0-beta.1", "@biomejs/cli-darwin-x64": "2.0.0-beta.1", "@biomejs/cli-linux-arm64": "2.0.0-beta.1", "@biomejs/cli-linux-arm64-musl": "2.0.0-beta.1", "@biomejs/cli-linux-x64": "2.0.0-beta.1", "@biomejs/cli-linux-x64-musl": "2.0.0-beta.1", "@biomejs/cli-win32-arm64": "2.0.0-beta.1", "@biomejs/cli-win32-x64": "2.0.0-beta.1" }, "bin": { "biome": "bin/biome" } }, "sha512-MqRoy9CbTkrS45zW+S4u8p4kQUIFx0mGUWi789W1R3b1kXYIudEqsTKgXKtTGsI0kWOlvnjuKqwTrabjaGchhQ=="],

    "@biomejs/cli-darwin-arm64": ["@biomejs/cli-darwin-arm64@2.0.0-beta.1", "", { "os": "darwin", "cpu": "arm64" }, "sha512-RaGmpNLl5NFooXaoCwvgvcuU6Am/rMZ3R48pQeCVxjrCcz1BIlKLTai5UosiedazW7JbXAvgXdSNizYG7ITlAQ=="],

    "@biomejs/cli-darwin-x64": ["@biomejs/cli-darwin-x64@2.0.0-beta.1", "", { "os": "darwin", "cpu": "x64" }, "sha512-sTzSshkne7HKZFNfiIhmAji7gjtCBXvkTujZELCZWIZC7oj1Tjw/gvAzbdFj2UyHd5/i90pND4ybFOLQZm9gpg=="],

    "@biomejs/cli-linux-arm64": ["@biomejs/cli-linux-arm64@2.0.0-beta.1", "", { "os": "linux", "cpu": "arm64" }, "sha512-bxce2O4nooBmp20Ey0+IFIZyy/b0RVnciIQk9euCfAi9evq7SvFtMBYo3YUZej0KIvrau5H7tJk5OqmRJk2l+g=="],

    "@biomejs/cli-linux-arm64-musl": ["@biomejs/cli-linux-arm64-musl@2.0.0-beta.1", "", { "os": "linux", "cpu": "arm64" }, "sha512-0MPUKzz9uBBxAYSJ+OlFi4+yGwiRcZeFqq39H0MxXCQ9MMpKJFH2Ek72fw8sXwG7Prn7EsW/3u1b7najyn1XGQ=="],

    "@biomejs/cli-linux-x64": ["@biomejs/cli-linux-x64@2.0.0-beta.1", "", { "os": "linux", "cpu": "x64" }, "sha512-6P/AtJv4hOH8mu8ez0c4UInUpiet9NEoF25+O7OPyb4w6ZHJMp2qzvayJS7TKrTQzE5KUvSiNsACGRz34DzUkg=="],

    "@biomejs/cli-linux-x64-musl": ["@biomejs/cli-linux-x64-musl@2.0.0-beta.1", "", { "os": "linux", "cpu": "x64" }, "sha512-dFvisnP1hFpVILNw0PZfs8piBwe8+aykO04Tb/4AJDVVzKkGgJfwSefwo4jqzO/Wk/Zruvhcp1nKbjgRXM+vDg=="],

    "@biomejs/cli-win32-arm64": ["@biomejs/cli-win32-arm64@2.0.0-beta.1", "", { "os": "win32", "cpu": "arm64" }, "sha512-0C9YSqWHf2cJGnjKDbLi49xv6H9IfqbDsFav7X557PqwY64O6IKWqcmZzi/PkDFHjQM9opU6uhKapeGKGDxziQ=="],

    "@biomejs/cli-win32-x64": ["@biomejs/cli-win32-x64@2.0.0-beta.1", "", { "os": "win32", "cpu": "x64" }, "sha512-o8W6+DX0YRjt1kS8Y3ismq6EkjwiVDv7X0TEpfnFywoVG8HoJ7G7/m9r8LM1yE46WI3maPH2A0MoVpQ1ZNG++A=="],

    "lefthook": ["lefthook@1.11.6", "", { "optionalDependencies": { "lefthook-darwin-arm64": "1.11.6", "lefthook-darwin-x64": "1.11.6", "lefthook-freebsd-arm64": "1.11.6", "lefthook-freebsd-x64": "1.11.6", "lefthook-linux-arm64": "1.11.6", "lefthook-linux-x64": "1.11.6", "lefthook-openbsd-arm64": "1.11.6", "lefthook-openbsd-x64": "1.11.6", "lefthook-windows-arm64": "1.11.6", "lefthook-windows-x64": "1.11.6" }, "bin": { "lefthook": "bin/index.js" } }, "sha512-j0VmMM50WlPDassmgvapRum9po29Tv1BXzBNFpzGkk9E91CEG9jKik/OHyH/r/na+q8qNIUUyPL6QQuTN/UhQQ=="],

    "lefthook-darwin-arm64": ["lefthook-darwin-arm64@1.11.6", "", { "os": "darwin", "cpu": "arm64" }, "sha512-gWgdWrKgZgX+bKc6Vs/x7JkO+58lLOpRzpteLx//82D0MKVPlNZwjd4zz4AbIBXtM4Hcj+6gSsOzQ7QDXxjVvQ=="],

    "lefthook-darwin-x64": ["lefthook-darwin-x64@1.11.6", "", { "os": "darwin", "cpu": "x64" }, "sha512-Ia0TjTKuYcSaDTuoCnbWtpPZ2VEoKzgn33OB90VjNaSVs4ooE0PIdpO+w00x1elqIaf1pbrpq6HgeB26Du8KbQ=="],

    "lefthook-freebsd-arm64": ["lefthook-freebsd-arm64@1.11.6", "", { "os": "freebsd", "cpu": "arm64" }, "sha512-PxIwj+hmjLahyzEmcIfalIBDhgklAQCavwM4sGCgbzDi4/+VQX+4aEs4pQqtd7v3aohmjtO/4n2emzTI8donww=="],

    "lefthook-freebsd-x64": ["lefthook-freebsd-x64@1.11.6", "", { "os": "freebsd", "cpu": "x64" }, "sha512-3o1lMKxz1VtWaP/o117wgUn3ZOpefMoSf+8LuiTzI3/PDprIuzgyw2nXKlBZAMDpNPHMNnJeQNts9XLMRmkldg=="],

    "lefthook-linux-arm64": ["lefthook-linux-arm64@1.11.6", "", { "os": "linux", "cpu": "arm64" }, "sha512-nKPFZ5cA9f5tVn0ybDVqcXXlpTHZqo05N4KQRhWTj5Nem+JoD2YzJIlvZhdJhUrldERqj6deDMXChH5T3z4Rrw=="],

    "lefthook-linux-x64": ["lefthook-linux-x64@1.11.6", "", { "os": "linux", "cpu": "x64" }, "sha512-naN8dllLCOEeP+wznLnq+oXrs1dvt/iMLkcl+pOPWLqFccPfDiHzr8V8GslaTa+rSFsAnvjR7SJIOi5C29xedA=="],

    "lefthook-openbsd-arm64": ["lefthook-openbsd-arm64@1.11.6", "", { "os": "openbsd", "cpu": "arm64" }, "sha512-dPxhJfYQ667T+U3pz1+O3mTRNHzXH/BvPlXSH+oy8uiSry4AtVNRXkVvXPUcpLlrAy6HuFYodsrpCIlWFeYwiQ=="],

    "lefthook-openbsd-x64": ["lefthook-openbsd-x64@1.11.6", "", { "os": "openbsd", "cpu": "x64" }, "sha512-9D26kcSsjiW4D0AuVDdi+0ZqrsOzRWOpMS/kcUbLfrU99yCvma0rMTqKbbDMkVur/znS7qL53oGahXCXDNA+IQ=="],

    "lefthook-windows-arm64": ["lefthook-windows-arm64@1.11.6", "", { "os": "win32", "cpu": "arm64" }, "sha512-xdCenr4+BFnfBEhiXj6GJp02EPmcwTAGa7NYm6hVTfDwGXw24tuLv7lpnGjgK3kovN6EukgLH1FYkeyDOBEMnA=="],

    "lefthook-windows-x64": ["lefthook-windows-x64@1.11.6", "", { "os": "win32", "cpu": "x64" }, "sha512-Fg2GzLhzeDV/GX8+ydrI0wBOytQWpPkNdngx+a8B/feCDbwjAiFklDG5oV4ytuWrtg1JPEEWLJd6nHefj4wtHA=="],

    "typescript": ["typescript@5.8.2", "", { "bin": { "tsc": "bin/tsc", "tsserver": "bin/tsserver" } }, "sha512-aJn6wq13/afZp/jT9QZmwEjDqqvSGp1VT5GVg+f/t6/oVyrgXM6BY1h9BRh/O5p3PlUPAe+WuiEZOmb/49RqoQ=="],
  }
}
